
Microsoft Visual Studio Solution File, Format Version 12.00
# Visual Studio 14
VisualStudioVersion = 14.0.25420.1
MinimumVisualStudioVersion = 10.0.40219.1
Project("{FAE04EC0-301F-11D3-BF4B-00C04F79EFBC}") = "KnockoutPluralsight", "KnockoutPluralsight\KnockoutPluralsight.csproj", "{453FF5E4-F790-4BB4-9842-03E71F7583D5}"
EndProject
Global
	GlobalSection(SolutionConfigurationPlatforms) = preSolution
		Debug|Any CPU = Debug|Any CPU
		Release|Any CPU = Release|Any CPU
	EndGlobalSection
	GlobalSection(ProjectConfigurationPlatforms) = postSolution
		{453FF5E4-F790-4BB4-9842-03E71F7583D5}.Debug|Any CPU.ActiveCfg = Debug|Any CPU
		{453FF5E4-F790-4BB4-9842-03E71F7583D5}.Debug|Any CPU.Build.0 = Debug|Any CPU
		{453FF5E4-F790-4BB4-9842-03E71F7583D5}.Release|Any CPU.ActiveCfg = Release|Any CPU
		{453FF5E4-F790-4BB4-9842-03E71F7583D5}.Release|Any CPU.Build.0 = Release|Any CPU
	EndGlobalSection
	GlobalSection(SolutionProperties) = preSolution
		HideSolutionNode = FALSE
	EndGlobalSection
EndGlobal
